
Microsoft Visual Studio Solution File, Format Version 12.00
# Visual Studio Version 17
VisualStudioVersion = 17.6.33815.320
MinimumVisualStudioVersion = 10.0.40219.1
Project("{9A19103F-16F7-4668-BE54-9A1E7A4F7556}") = "ChannelEngineAssignment", "ChannelEngineAssignment.csproj", "{99364863-A096-470D-B455-AA5F34A26779}"
	ProjectSection(ProjectDependencies) = postProject
		{F102CE4D-2BCC-48AA-9928-F03AA4A93855} = {F102CE4D-2BCC-48AA-9928-F03AA4A93855}
	EndProjectSection
EndProject
Project("{9A19103F-16F7-4668-BE54-9A1E7A4F7556}") = "ChannelEngineConsoleApp", "..\ChannelEngineConsoleApp\ChannelEngineConsoleApp.csproj", "{F102CE4D-2BCC-48AA-9928-F03AA4A93855}"
EndProject
Global
	GlobalSection(SolutionConfigurationPlatforms) = preSolution
		Debug|Any CPU = Debug|Any CPU
		Release|Any CPU = Release|Any CPU
	EndGlobalSection
	GlobalSection(ProjectConfigurationPlatforms) = postSolution
		{99364863-A096-470D-B455-AA5F34A26779}.Debug|Any CPU.ActiveCfg = Debug|Any CPU
		{99364863-A096-470D-B455-AA5F34A26779}.Debug|Any CPU.Build.0 = Debug|Any CPU
		{99364863-A096-470D-B455-AA5F34A26779}.Release|Any CPU.ActiveCfg = Release|Any CPU
		{99364863-A096-470D-B455-AA5F34A26779}.Release|Any CPU.Build.0 = Release|Any CPU
		{F102CE4D-2BCC-48AA-9928-F03AA4A93855}.Debug|Any CPU.ActiveCfg = Debug|Any CPU
		{F102CE4D-2BCC-48AA-9928-F03AA4A93855}.Debug|Any CPU.Build.0 = Debug|Any CPU
		{F102CE4D-2BCC-48AA-9928-F03AA4A93855}.Release|Any CPU.ActiveCfg = Release|Any CPU
		{F102CE4D-2BCC-48AA-9928-F03AA4A93855}.Release|Any CPU.Build.0 = Release|Any CPU
	EndGlobalSection
	GlobalSection(SolutionProperties) = preSolution
		HideSolutionNode = FALSE
	EndGlobalSection
	GlobalSection(ExtensibilityGlobals) = postSolution
		SolutionGuid = {275E8192-1D56-4AE5-B102-768DFCDD184C}
	EndGlobalSection
EndGlobal
